
Microsoft Visual Studio Solution File, Format Version 12.00
# Visual Studio 15
Project("{FAE04EC0-301F-11D3-BF4B-00C04F79EFBC}") = "Project VR", "Assembly-CSharp.csproj", "{2653F40C-7B5F-D099-A249-69BD1CD9E553}"
EndProject
Project("{FAE04EC0-301F-11D3-BF4B-00C04F79EFBC}") = "Project VR", "Assembly-CSharp-Editor.csproj", "{3352C002-599C-1AC4-669B-E55254CBCC89}"
EndProject
Global
	GlobalSection(SolutionConfigurationPlatforms) = preSolution
		Debug|Any CPU = Debug|Any CPU
		Release|Any CPU = Release|Any CPU
	EndGlobalSection
	GlobalSection(ProjectConfigurationPlatforms) = postSolution
		{2653F40C-7B5F-D099-A249-69BD1CD9E553}.Debug|Any CPU.ActiveCfg = Debug|Any CPU
		{2653F40C-7B5F-D099-A249-69BD1CD9E553}.Debug|Any CPU.Build.0 = Debug|Any CPU
		{2653F40C-7B5F-D099-A249-69BD1CD9E553}.Release|Any CPU.ActiveCfg = Release|Any CPU
		{2653F40C-7B5F-D099-A249-69BD1CD9E553}.Release|Any CPU.Build.0 = Release|Any CPU
		{3352C002-599C-1AC4-669B-E55254CBCC89}.Debug|Any CPU.ActiveCfg = Debug|Any CPU
		{3352C002-599C-1AC4-669B-E55254CBCC89}.Debug|Any CPU.Build.0 = Debug|Any CPU
		{3352C002-599C-1AC4-669B-E55254CBCC89}.Release|Any CPU.ActiveCfg = Release|Any CPU
		{3352C002-599C-1AC4-669B-E55254CBCC89}.Release|Any CPU.Build.0 = Release|Any CPU
	EndGlobalSection
	GlobalSection(SolutionProperties) = preSolution
		HideSolutionNode = FALSE
	EndGlobalSection
EndGlobal
